
Microsoft Visual Studio Solution File, Format Version 12.00
# Visual Studio Version 16
VisualStudioVersion = 16.0.30104.148
MinimumVisualStudioVersion = 10.0.40219.1
Project("{FAE04EC0-301F-11D3-BF4B-00C04F79EFBC}") = "HubCo_living", "HubCo_living\HubCo_living.csproj", "{E307D535-81C2-4B35-B206-3006E9379EA0}"
EndProject
Global
	GlobalSection(SolutionConfigurationPlatforms) = preSolution
		Debug|Any CPU = Debug|Any CPU
		Release|Any CPU = Release|Any CPU
	EndGlobalSection
	GlobalSection(ProjectConfigurationPlatforms) = postSolution
		{E307D535-81C2-4B35-B206-3006E9379EA0}.Debug|Any CPU.ActiveCfg = Debug|Any CPU
		{E307D535-81C2-4B35-B206-3006E9379EA0}.Debug|Any CPU.Build.0 = Debug|Any CPU
		{E307D535-81C2-4B35-B206-3006E9379EA0}.Release|Any CPU.ActiveCfg = Release|Any CPU
		{E307D535-81C2-4B35-B206-3006E9379EA0}.Release|Any CPU.Build.0 = Release|Any CPU
	EndGlobalSection
	GlobalSection(SolutionProperties) = preSolution
		HideSolutionNode = FALSE
	EndGlobalSection
	GlobalSection(ExtensibilityGlobals) = postSolution
		SolutionGuid = {0A317C7A-4257-4712-AF74-396FC771D399}
	EndGlobalSection
EndGlobal
